// !$*UTF8*$!
{
	archiveVersion = 1;
	classes = {
	};
	objectVersion = 51;
	objects = {

/* Begin PBXBuildFile section */
		17850AD8CEC9F15A623A1298 /* Pods_DemoTableViuew_DemoTableViuewUITests.framework in Frameworks */ = {isa = PBXBuildFile; fileRef = 7E766E6ACF43C4E9E7BB0AEC /* Pods_DemoTableViuew_DemoTableViuewUITests.framework */; };
		76D475E083DDEE540D3C1C5B /* Pods_DemoTableViuewTests.framework in Frameworks */ = {isa = PBXBuildFile; fileRef = 907FD9035BF11087603BB707 /* Pods_DemoTableViuewTests.framework */; };
		B7026D1426735ED900312F47 /* UIVewCoord.swift in Sources */ = {isa = PBXBuildFile; fileRef = B7026D1326735ED900312F47 /* UIVewCoord.swift */; };
		B70B434A267A337F00604A32 /* UserModel.swift in Sources */ = {isa = PBXBuildFile; fileRef = B70B4349267A337F00604A32 /* UserModel.swift */; };
		B70F14A82677925E00499257 /* PersonModel.swift in Sources */ = {isa = PBXBuildFile; fileRef = B70F14A72677925E00499257 /* PersonModel.swift */; };
		B70F14AE267792D700499257 /* DemoModelViewController.swift in Sources */ = {isa = PBXBuildFile; fileRef = B70F14AD267792D700499257 /* DemoModelViewController.swift */; };
		B754A19E2680C35A005C978E /* BaseRequestAPI.swift in Sources */ = {isa = PBXBuildFile; fileRef = B754A19D2680C35A005C978E /* BaseRequestAPI.swift */; };
		B754A1A02680C89D005C978E /* ApiViewModel.swift in Sources */ = {isa = PBXBuildFile; fileRef = B754A19F2680C89D005C978E /* ApiViewModel.swift */; };
		B7ACBA3526651F9600636DE8 /* AppDelegate.swift in Sources */ = {isa = PBXBuildFile; fileRef = B7ACBA3426651F9600636DE8 /* AppDelegate.swift */; };
		B7ACBA3726651F9600636DE8 /* SceneDelegate.swift in Sources */ = {isa = PBXBuildFile; fileRef = B7ACBA3626651F9600636DE8 /* SceneDelegate.swift */; };
		B7ACBA3C26651F9600636DE8 /* Main.storyboard in Resources */ = {isa = PBXBuildFile; fileRef = B7ACBA3A26651F9600636DE8 /* Main.storyboard */; };
		B7ACBA3E26651F9700636DE8 /* Assets.xcassets in Resources */ = {isa = PBXBuildFile; fileRef = B7ACBA3D26651F9700636DE8 /* Assets.xcassets */; };
		B7ACBA4126651F9700636DE8 /* LaunchScreen.storyboard in Resources */ = {isa = PBXBuildFile; fileRef = B7ACBA3F26651F9700636DE8 /* LaunchScreen.storyboard */; };
		B7ACBA4C26651F9700636DE8 /* DemoTableViuewTests.swift in Sources */ = {isa = PBXBuildFile; fileRef = B7ACBA4B26651F9700636DE8 /* DemoTableViuewTests.swift */; };
		B7ACBA5726651F9700636DE8 /* DemoTableViuewUITests.swift in Sources */ = {isa = PBXBuildFile; fileRef = B7ACBA5626651F9700636DE8 /* DemoTableViuewUITests.swift */; };
		B7BB13F8267397C500C0249A /* Home.storyboard in Resources */ = {isa = PBXBuildFile; fileRef = B7BB13F7267397C500C0249A /* Home.storyboard */; };
		B7D6EA6D267742DF003FD329 /* StoryboardTableViewCell.swift in Sources */ = {isa = PBXBuildFile; fileRef = B7D6EA6C267742DF003FD329 /* StoryboardTableViewCell.swift */; };
		B7D6EA73267742E8003FD329 /* HandCodeScrollViewController.swift in Sources */ = {isa = PBXBuildFile; fileRef = B7D6EA71267742E8003FD329 /* HandCodeScrollViewController.swift */; };
		B7D6EA74267742E8003FD329 /* ScrollViewViewController.swift in Sources */ = {isa = PBXBuildFile; fileRef = B7D6EA72267742E8003FD329 /* ScrollViewViewController.swift */; };
		B7D6EA79267742F2003FD329 /* TopViewController.swift in Sources */ = {isa = PBXBuildFile; fileRef = B7D6EA78267742F2003FD329 /* TopViewController.swift */; };
		B7D6EA83267742FB003FD329 /* DemoTableViewCell.swift in Sources */ = {isa = PBXBuildFile; fileRef = B7D6EA7D267742FB003FD329 /* DemoTableViewCell.swift */; };
		B7D6EA84267742FB003FD329 /* CellView.xib in Resources */ = {isa = PBXBuildFile; fileRef = B7D6EA7E267742FB003FD329 /* CellView.xib */; };
		B7D6EA85267742FB003FD329 /* DemoTableViewCell.xib in Resources */ = {isa = PBXBuildFile; fileRef = B7D6EA7F267742FB003FD329 /* DemoTableViewCell.xib */; };
		B7D6EA86267742FB003FD329 /* StoryboardTableViewController.swift in Sources */ = {isa = PBXBuildFile; fileRef = B7D6EA80267742FB003FD329 /* StoryboardTableViewController.swift */; };
		B7D6EA87267742FB003FD329 /* CellView.swift in Sources */ = {isa = PBXBuildFile; fileRef = B7D6EA81267742FB003FD329 /* CellView.swift */; };
		B7D6EA88267742FB003FD329 /* HandCodeTableViewViewController.swift in Sources */ = {isa = PBXBuildFile; fileRef = B7D6EA82267742FB003FD329 /* HandCodeTableViewViewController.swift */; };
		B7D6EA8E26774304003FD329 /* SecondViewController.swift in Sources */ = {isa = PBXBuildFile; fileRef = B7D6EA8C26774304003FD329 /* SecondViewController.swift */; };
		B7D6EA8F26774304003FD329 /* PushViewController.swift in Sources */ = {isa = PBXBuildFile; fileRef = B7D6EA8D26774304003FD329 /* PushViewController.swift */; };
		B7D6EA942677430E003FD329 /* DemoUIViewController.swift in Sources */ = {isa = PBXBuildFile; fileRef = B7D6EA932677430E003FD329 /* DemoUIViewController.swift */; };
		B7D6EA9A26774316003FD329 /* GalleryCollectionViewCell.swift in Sources */ = {isa = PBXBuildFile; fileRef = B7D6EA9826774316003FD329 /* GalleryCollectionViewCell.swift */; };
		B7D6EA9B26774316003FD329 /* GalleryViewController.swift in Sources */ = {isa = PBXBuildFile; fileRef = B7D6EA9926774316003FD329 /* GalleryViewController.swift */; };
		B7D6EAA426774357003FD329 /* DashboardViewController.swift in Sources */ = {isa = PBXBuildFile; fileRef = B7D6EAA326774357003FD329 /* DashboardViewController.swift */; };
		BA496F41EABE6F198671028A /* Pods_DemoTableViuew.framework in Frameworks */ = {isa = PBXBuildFile; fileRef = 573A1EFE5667C7A4F49DC6E5 /* Pods_DemoTableViuew.framework */; };
/* End PBXBuildFile section */

/* Begin PBXContainerItemProxy section */
		B7ACBA4826651F9700636DE8 /* PBXContainerItemProxy */ = {
			isa = PBXContainerItemProxy;
			containerPortal = B7ACBA2926651F9600636DE8 /* Project object */;
			proxyType = 1;
			remoteGlobalIDString = B7ACBA3026651F9600636DE8;
			remoteInfo = DemoTableViuew;
		};
		B7ACBA5326651F9700636DE8 /* PBXContainerItemProxy */ = {
			isa = PBXContainerItemProxy;
			containerPortal = B7ACBA2926651F9600636DE8 /* Project object */;
			proxyType = 1;
			remoteGlobalIDString = B7ACBA3026651F9600636DE8;
			remoteInfo = DemoTableViuew;
		};
/* End PBXContainerItemProxy section */

/* Begin PBXFileReference section */
		21D89AB6A9387BEA3F0B72EF /* Pods-DemoTableViuewTests.release.xcconfig */ = {isa = PBXFileReference; includeInIndex = 1; lastKnownFileType = text.xcconfig; name = "Pods-DemoTableViuewTests.release.xcconfig"; path = "Target Support Files/Pods-DemoTableViuewTests/Pods-DemoTableViuewTests.release.xcconfig"; sourceTree = "<group>"; };
		2F6703F45B5C69A9ECBE2249 /* Pods-DemoTableViuew-DemoTableViuewUITests.debug.xcconfig */ = {isa = PBXFileReference; includeInIndex = 1; lastKnownFileType = text.xcconfig; name = "Pods-DemoTableViuew-DemoTableViuewUITests.debug.xcconfig"; path = "Target Support Files/Pods-DemoTableViuew-DemoTableViuewUITests/Pods-DemoTableViuew-DemoTableViuewUITests.debug.xcconfig"; sourceTree = "<group>"; };
		573A1EFE5667C7A4F49DC6E5 /* Pods_DemoTableViuew.framework */ = {isa = PBXFileReference; explicitFileType = wrapper.framework; includeInIndex = 0; path = Pods_DemoTableViuew.framework; sourceTree = BUILT_PRODUCTS_DIR; };
		7A4EEAFB839801DB237FE504 /* Pods-DemoTableViuew.debug.xcconfig */ = {isa = PBXFileReference; includeInIndex = 1; lastKnownFileType = text.xcconfig; name = "Pods-DemoTableViuew.debug.xcconfig"; path = "Target Support Files/Pods-DemoTableViuew/Pods-DemoTableViuew.debug.xcconfig"; sourceTree = "<group>"; };
		7E766E6ACF43C4E9E7BB0AEC /* Pods_DemoTableViuew_DemoTableViuewUITests.framework */ = {isa = PBXFileReference; explicitFileType = wrapper.framework; includeInIndex = 0; path = Pods_DemoTableViuew_DemoTableViuewUITests.framework; sourceTree = BUILT_PRODUCTS_DIR; };
		907FD9035BF11087603BB707 /* Pods_DemoTableViuewTests.framework */ = {isa = PBXFileReference; explicitFileType = wrapper.framework; includeInIndex = 0; path = Pods_DemoTableViuewTests.framework; sourceTree = BUILT_PRODUCTS_DIR; };
		91F9A9B6F29A0E5561E47BAD /* Pods-DemoTableViuew-DemoTableViuewUITests.release.xcconfig */ = {isa = PBXFileReference; includeInIndex = 1; lastKnownFileType = text.xcconfig; name = "Pods-DemoTableViuew-DemoTableViuewUITests.release.xcconfig"; path = "Target Support Files/Pods-DemoTableViuew-DemoTableViuewUITests/Pods-DemoTableViuew-DemoTableViuewUITests.release.xcconfig"; sourceTree = "<group>"; };
		B7026D1326735ED900312F47 /* UIVewCoord.swift */ = {isa = PBXFileReference; fileEncoding = 4; lastKnownFileType = sourcecode.swift; path = UIVewCoord.swift; sourceTree = "<group>"; };
		B70B4349267A337F00604A32 /* UserModel.swift */ = {isa = PBXFileReference; lastKnownFileType = sourcecode.swift; path = UserModel.swift; sourceTree = "<group>"; };
		B70F14A72677925E00499257 /* PersonModel.swift */ = {isa = PBXFileReference; lastKnownFileType = sourcecode.swift; path = PersonModel.swift; sourceTree = "<group>"; };
		B70F14AD267792D700499257 /* DemoModelViewController.swift */ = {isa = PBXFileReference; lastKnownFileType = sourcecode.swift; path = DemoModelViewController.swift; sourceTree = "<group>"; };
		B754A19D2680C35A005C978E /* BaseRequestAPI.swift */ = {isa = PBXFileReference; lastKnownFileType = sourcecode.swift; path = BaseRequestAPI.swift; sourceTree = "<group>"; };
		B754A19F2680C89D005C978E /* ApiViewModel.swift */ = {isa = PBXFileReference; lastKnownFileType = sourcecode.swift; path = ApiViewModel.swift; sourceTree = "<group>"; };
		B7ACBA3126651F9600636DE8 /* DemoTableViuew.app */ = {isa = PBXFileReference; explicitFileType = wrapper.application; includeInIndex = 0; path = DemoTableViuew.app; sourceTree = BUILT_PRODUCTS_DIR; };
		B7ACBA3426651F9600636DE8 /* AppDelegate.swift */ = {isa = PBXFileReference; lastKnownFileType = sourcecode.swift; path = AppDelegate.swift; sourceTree = "<group>"; };
		B7ACBA3626651F9600636DE8 /* SceneDelegate.swift */ = {isa = PBXFileReference; lastKnownFileType = sourcecode.swift; path = SceneDelegate.swift; sourceTree = "<group>"; };
		B7ACBA3B26651F9600636DE8 /* Base */ = {isa = PBXFileReference; lastKnownFileType = file.storyboard; name = Base; path = Base.lproj/Main.storyboard; sourceTree = "<group>"; };
		B7ACBA3D26651F9700636DE8 /* Assets.xcassets */ = {isa = PBXFileReference; lastKnownFileType = folder.assetcatalog; path = Assets.xcassets; sourceTree = "<group>"; };
		B7ACBA4026651F9700636DE8 /* Base */ = {isa = PBXFileReference; lastKnownFileType = file.storyboard; name = Base; path = Base.lproj/LaunchScreen.storyboard; sourceTree = "<group>"; };
		B7ACBA4226651F9700636DE8 /* Info.plist */ = {isa = PBXFileReference; lastKnownFileType = text.plist.xml; path = Info.plist; sourceTree = "<group>"; };
		B7ACBA4726651F9700636DE8 /* DemoTableViuewTests.xctest */ = {isa = PBXFileReference; explicitFileType = wrapper.cfbundle; includeInIndex = 0; path = DemoTableViuewTests.xctest; sourceTree = BUILT_PRODUCTS_DIR; };
		B7ACBA4B26651F9700636DE8 /* DemoTableViuewTests.swift */ = {isa = PBXFileReference; lastKnownFileType = sourcecode.swift; path = DemoTableViuewTests.swift; sourceTree = "<group>"; };
		B7ACBA4D26651F9700636DE8 /* Info.plist */ = {isa = PBXFileReference; lastKnownFileType = text.plist.xml; path = Info.plist; sourceTree = "<group>"; };
		B7ACBA5226651F9700636DE8 /* DemoTableViuewUITests.xctest */ = {isa = PBXFileReference; explicitFileType = wrapper.cfbundle; includeInIndex = 0; path = DemoTableViuewUITests.xctest; sourceTree = BUILT_PRODUCTS_DIR; };
		B7ACBA5626651F9700636DE8 /* DemoTableViuewUITests.swift */ = {isa = PBXFileReference; lastKnownFileType = sourcecode.swift; path = DemoTableViuewUITests.swift; sourceTree = "<group>"; };
		B7ACBA5826651F9700636DE8 /* Info.plist */ = {isa = PBXFileReference; lastKnownFileType = text.plist.xml; path = Info.plist; sourceTree = "<group>"; };
		B7BB13F7267397C500C0249A /* Home.storyboard */ = {isa = PBXFileReference; lastKnownFileType = file.storyboard; path = Home.storyboard; sourceTree = "<group>"; };
		B7D6EA6C267742DF003FD329 /* StoryboardTableViewCell.swift */ = {isa = PBXFileReference; fileEncoding = 4; lastKnownFileType = sourcecode.swift; path = StoryboardTableViewCell.swift; sourceTree = "<group>"; };
		B7D6EA71267742E8003FD329 /* HandCodeScrollViewController.swift */ = {isa = PBXFileReference; fileEncoding = 4; lastKnownFileType = sourcecode.swift; path = HandCodeScrollViewController.swift; sourceTree = "<group>"; };
		B7D6EA72267742E8003FD329 /* ScrollViewViewController.swift */ = {isa = PBXFileReference; fileEncoding = 4; lastKnownFileType = sourcecode.swift; path = ScrollViewViewController.swift; sourceTree = "<group>"; };
		B7D6EA78267742F2003FD329 /* TopViewController.swift */ = {isa = PBXFileReference; fileEncoding = 4; lastKnownFileType = sourcecode.swift; path = TopViewController.swift; sourceTree = "<group>"; };
		B7D6EA7D267742FB003FD329 /* DemoTableViewCell.swift */ = {isa = PBXFileReference; fileEncoding = 4; lastKnownFileType = sourcecode.swift; path = DemoTableViewCell.swift; sourceTree = "<group>"; };
		B7D6EA7E267742FB003FD329 /* CellView.xib */ = {isa = PBXFileReference; fileEncoding = 4; lastKnownFileType = file.xib; path = CellView.xib; sourceTree = "<group>"; };
		B7D6EA7F267742FB003FD329 /* DemoTableViewCell.xib */ = {isa = PBXFileReference; fileEncoding = 4; lastKnownFileType = file.xib; path = DemoTableViewCell.xib; sourceTree = "<group>"; };
		B7D6EA80267742FB003FD329 /* StoryboardTableViewController.swift */ = {isa = PBXFileReference; fileEncoding = 4; lastKnownFileType = sourcecode.swift; path = StoryboardTableViewController.swift; sourceTree = "<group>"; };
		B7D6EA81267742FB003FD329 /* CellView.swift */ = {isa = PBXFileReference; fileEncoding = 4; lastKnownFileType = sourcecode.swift; path = CellView.swift; sourceTree = "<group>"; };
		B7D6EA82267742FB003FD329 /* HandCodeTableViewViewController.swift */ = {isa = PBXFileReference; fileEncoding = 4; lastKnownFileType = sourcecode.swift; path = HandCodeTableViewViewController.swift; sourceTree = "<group>"; };
		B7D6EA8C26774304003FD329 /* SecondViewController.swift */ = {isa = PBXFileReference; fileEncoding = 4; lastKnownFileType = sourcecode.swift; path = SecondViewController.swift; sourceTree = "<group>"; };
		B7D6EA8D26774304003FD329 /* PushViewController.swift */ = {isa = PBXFileReference; fileEncoding = 4; lastKnownFileType = sourcecode.swift; path = PushViewController.swift; sourceTree = "<group>"; };
		B7D6EA932677430E003FD329 /* DemoUIViewController.swift */ = {isa = PBXFileReference; fileEncoding = 4; lastKnownFileType = sourcecode.swift; path = DemoUIViewController.swift; sourceTree = "<group>"; };
		B7D6EA9826774316003FD329 /* GalleryCollectionViewCell.swift */ = {isa = PBXFileReference; fileEncoding = 4; lastKnownFileType = sourcecode.swift; path = GalleryCollectionViewCell.swift; sourceTree = "<group>"; };
		B7D6EA9926774316003FD329 /* GalleryViewController.swift */ = {isa = PBXFileReference; fileEncoding = 4; lastKnownFileType = sourcecode.swift; path = GalleryViewController.swift; sourceTree = "<group>"; };
		B7D6EAA326774357003FD329 /* DashboardViewController.swift */ = {isa = PBXFileReference; fileEncoding = 4; lastKnownFileType = sourcecode.swift; path = DashboardViewController.swift; sourceTree = "<group>"; };
		E4D9B98CE60D33A03C2FE5E6 /* Pods-DemoTableViuew.release.xcconfig */ = {isa = PBXFileReference; includeInIndex = 1; lastKnownFileType = text.xcconfig; name = "Pods-DemoTableViuew.release.xcconfig"; path = "Target Support Files/Pods-DemoTableViuew/Pods-DemoTableViuew.release.xcconfig"; sourceTree = "<group>"; };
		FF9C426CF8737B8D6A4CD12B /* Pods-DemoTableViuewTests.debug.xcconfig */ = {isa = PBXFileReference; includeInIndex = 1; lastKnownFileType = text.xcconfig; name = "Pods-DemoTableViuewTests.debug.xcconfig"; path = "Target Support Files/Pods-DemoTableViuewTests/Pods-DemoTableViuewTests.debug.xcconfig"; sourceTree = "<group>"; };
/* End PBXFileReference section */

/* Begin PBXFrameworksBuildPhase section */
		B7ACBA2E26651F9600636DE8 /* Frameworks */ = {
			isa = PBXFrameworksBuildPhase;
			buildActionMask = 2147483647;
			files = (
				BA496F41EABE6F198671028A /* Pods_DemoTableViuew.framework in Frameworks */,
			);
			runOnlyForDeploymentPostprocessing = 0;
		};
		B7ACBA4426651F9700636DE8 /* Frameworks */ = {
			isa = PBXFrameworksBuildPhase;
			buildActionMask = 2147483647;
			files = (
				76D475E083DDEE540D3C1C5B /* Pods_DemoTableViuewTests.framework in Frameworks */,
			);
			runOnlyForDeploymentPostprocessing = 0;
		};
		B7ACBA4F26651F9700636DE8 /* Frameworks */ = {
			isa = PBXFrameworksBuildPhase;
			buildActionMask = 2147483647;
			files = (
				17850AD8CEC9F15A623A1298 /* Pods_DemoTableViuew_DemoTableViuewUITests.framework in Frameworks */,
			);
			runOnlyForDeploymentPostprocessing = 0;
		};
/* End PBXFrameworksBuildPhase section */

/* Begin PBXGroup section */
		90126DA845A56616111A91A1 /* Frameworks */ = {
			isa = PBXGroup;
			children = (
				573A1EFE5667C7A4F49DC6E5 /* Pods_DemoTableViuew.framework */,
				7E766E6ACF43C4E9E7BB0AEC /* Pods_DemoTableViuew_DemoTableViuewUITests.framework */,
				907FD9035BF11087603BB707 /* Pods_DemoTableViuewTests.framework */,
			);
			name = Frameworks;
			sourceTree = "<group>";
		};
		A87423ADB050AAE1FF6BAA2A /* Pods */ = {
			isa = PBXGroup;
			children = (
				7A4EEAFB839801DB237FE504 /* Pods-DemoTableViuew.debug.xcconfig */,
				E4D9B98CE60D33A03C2FE5E6 /* Pods-DemoTableViuew.release.xcconfig */,
				2F6703F45B5C69A9ECBE2249 /* Pods-DemoTableViuew-DemoTableViuewUITests.debug.xcconfig */,
				91F9A9B6F29A0E5561E47BAD /* Pods-DemoTableViuew-DemoTableViuewUITests.release.xcconfig */,
				FF9C426CF8737B8D6A4CD12B /* Pods-DemoTableViuewTests.debug.xcconfig */,
				21D89AB6A9387BEA3F0B72EF /* Pods-DemoTableViuewTests.release.xcconfig */,
			);
			path = Pods;
			sourceTree = "<group>";
		};
		B7026D0E26735EA400312F47 /* Utils */ = {
			isa = PBXGroup;
			children = (
				B7026D1326735ED900312F47 /* UIVewCoord.swift */,
			);
			path = Utils;
			sourceTree = "<group>";
		};
		B70F14AC267792C400499257 /* DemoModel */ = {
			isa = PBXGroup;
			children = (
				B70F14AD267792D700499257 /* DemoModelViewController.swift */,
			);
			path = DemoModel;
			sourceTree = "<group>";
		};
		B754A19C2680C333005C978E /* Networking */ = {
			isa = PBXGroup;
			children = (
				B754A19D2680C35A005C978E /* BaseRequestAPI.swift */,
			);
			path = Networking;
			sourceTree = "<group>";
		};
		B7ACBA2826651F9600636DE8 = {
			isa = PBXGroup;
			children = (
				B7ACBA3326651F9600636DE8 /* DemoTableViuew */,
				B7ACBA4A26651F9700636DE8 /* DemoTableViuewTests */,
				B7ACBA5526651F9700636DE8 /* DemoTableViuewUITests */,
				B7ACBA3226651F9600636DE8 /* Products */,
				A87423ADB050AAE1FF6BAA2A /* Pods */,
				90126DA845A56616111A91A1 /* Frameworks */,
			);
			sourceTree = "<group>";
		};
		B7ACBA3226651F9600636DE8 /* Products */ = {
			isa = PBXGroup;
			children = (
				B7ACBA3126651F9600636DE8 /* DemoTableViuew.app */,
				B7ACBA4726651F9700636DE8 /* DemoTableViuewTests.xctest */,
				B7ACBA5226651F9700636DE8 /* DemoTableViuewUITests.xctest */,
			);
			name = Products;
			sourceTree = "<group>";
		};
		B7ACBA3326651F9600636DE8 /* DemoTableViuew */ = {
			isa = PBXGroup;
			children = (
				B754A19C2680C333005C978E /* Networking */,
				B7D6EA6B267742CA003FD329 /* Storyboard */,
				B7D6EA39267740C2003FD329 /* ViewController */,
				B7D6EA37267740AF003FD329 /* ViewModel */,
				B7D6EA36267740A1003FD329 /* Model */,
				B7026D0E26735EA400312F47 /* Utils */,
				B7ACBA3426651F9600636DE8 /* AppDelegate.swift */,
				B7ACBA3626651F9600636DE8 /* SceneDelegate.swift */,
				B7ACBA3D26651F9700636DE8 /* Assets.xcassets */,
				B7ACBA3F26651F9700636DE8 /* LaunchScreen.storyboard */,
				B7ACBA4226651F9700636DE8 /* Info.plist */,
			);
			path = DemoTableViuew;
			sourceTree = "<group>";
		};
		B7ACBA4A26651F9700636DE8 /* DemoTableViuewTests */ = {
			isa = PBXGroup;
			children = (
				B7ACBA4B26651F9700636DE8 /* DemoTableViuewTests.swift */,
				B7ACBA4D26651F9700636DE8 /* Info.plist */,
			);
			path = DemoTableViuewTests;
			sourceTree = "<group>";
		};
		B7ACBA5526651F9700636DE8 /* DemoTableViuewUITests */ = {
			isa = PBXGroup;
			children = (
				B7ACBA5626651F9700636DE8 /* DemoTableViuewUITests.swift */,
				B7ACBA5826651F9700636DE8 /* Info.plist */,
			);
			path = DemoTableViuewUITests;
			sourceTree = "<group>";
		};
		B7D6EA36267740A1003FD329 /* Model */ = {
			isa = PBXGroup;
			children = (
				B70F14A72677925E00499257 /* PersonModel.swift */,
				B70B4349267A337F00604A32 /* UserModel.swift */,
			);
			path = Model;
			sourceTree = "<group>";
		};
		B7D6EA37267740AF003FD329 /* ViewModel */ = {
			isa = PBXGroup;
			children = (
				B754A19F2680C89D005C978E /* ApiViewModel.swift */,
			);
			path = ViewModel;
			sourceTree = "<group>";
		};
		B7D6EA39267740C2003FD329 /* ViewController */ = {
			isa = PBXGroup;
			children = (
				B70F14AC267792C400499257 /* DemoModel */,
				B7D6EA9F2677432D003FD329 /* Home */,
				B7D6EA6A267742A3003FD329 /* Nib */,
				B7D6EA692677427A003FD329 /* ScrollView */,
				B7D6EA682677425D003FD329 /* SlideViewController */,
				B7D6EA672677423B003FD329 /* TableView */,
				B7D6EA6626774218003FD329 /* Navigation */,
				B7D6EA65267741F5003FD329 /* LifeCircle */,
				B7D6EA6326774187003FD329 /* CollectionView */,
			);
			path = ViewController;
			sourceTree = "<group>";
		};
		B7D6EA6326774187003FD329 /* CollectionView */ = {
			isa = PBXGroup;
			children = (
				B7D6EA9826774316003FD329 /* GalleryCollectionViewCell.swift */,
				B7D6EA9926774316003FD329 /* GalleryViewController.swift */,
			);
			path = CollectionView;
			sourceTree = "<group>";
		};
		B7D6EA65267741F5003FD329 /* LifeCircle */ = {
			isa = PBXGroup;
			children = (
				B7D6EA932677430E003FD329 /* DemoUIViewController.swift */,
			);
			path = LifeCircle;
			sourceTree = "<group>";
		};
		B7D6EA6626774218003FD329 /* Navigation */ = {
			isa = PBXGroup;
			children = (
				B7D6EA8D26774304003FD329 /* PushViewController.swift */,
				B7D6EA8C26774304003FD329 /* SecondViewController.swift */,
			);
			path = Navigation;
			sourceTree = "<group>";
		};
		B7D6EA672677423B003FD329 /* TableView */ = {
			isa = PBXGroup;
			children = (
				B7D6EA81267742FB003FD329 /* CellView.swift */,
				B7D6EA7E267742FB003FD329 /* CellView.xib */,
				B7D6EA7D267742FB003FD329 /* DemoTableViewCell.swift */,
				B7D6EA7F267742FB003FD329 /* DemoTableViewCell.xib */,
				B7D6EA82267742FB003FD329 /* HandCodeTableViewViewController.swift */,
				B7D6EA80267742FB003FD329 /* StoryboardTableViewController.swift */,
			);
			path = TableView;
			sourceTree = "<group>";
		};
		B7D6EA682677425D003FD329 /* SlideViewController */ = {
			isa = PBXGroup;
			children = (
				B7D6EA78267742F2003FD329 /* TopViewController.swift */,
			);
			path = SlideViewController;
			sourceTree = "<group>";
		};
		B7D6EA692677427A003FD329 /* ScrollView */ = {
			isa = PBXGroup;
			children = (
				B7D6EA71267742E8003FD329 /* HandCodeScrollViewController.swift */,
				B7D6EA72267742E8003FD329 /* ScrollViewViewController.swift */,
			);
			path = ScrollView;
			sourceTree = "<group>";
		};
		B7D6EA6A267742A3003FD329 /* Nib */ = {
			isa = PBXGroup;
			children = (
				B7D6EA6C267742DF003FD329 /* StoryboardTableViewCell.swift */,
			);
			path = Nib;
			sourceTree = "<group>";
		};
		B7D6EA6B267742CA003FD329 /* Storyboard */ = {
			isa = PBXGroup;
			children = (
				B7BB13F7267397C500C0249A /* Home.storyboard */,
				B7ACBA3A26651F9600636DE8 /* Main.storyboard */,
			);
			path = Storyboard;
			sourceTree = "<group>";
		};
		B7D6EA9F2677432D003FD329 /* Home */ = {
			isa = PBXGroup;
			children = (
				B7D6EAA326774357003FD329 /* DashboardViewController.swift */,
			);
			path = Home;
			sourceTree = "<group>";
		};
/* End PBXGroup section */

/* Begin PBXNativeTarget section */
		B7ACBA3026651F9600636DE8 /* DemoTableViuew */ = {
			isa = PBXNativeTarget;
			buildConfigurationList = B7ACBA5B26651F9700636DE8 /* Build configuration list for PBXNativeTarget "DemoTableViuew" */;
			buildPhases = (
				50BBD18C10AADBE7FA3A13DD /* [CP] Check Pods Manifest.lock */,
				B7ACBA2D26651F9600636DE8 /* Sources */,
				B7ACBA2E26651F9600636DE8 /* Frameworks */,
				B7ACBA2F26651F9600636DE8 /* Resources */,
				AE5FEB70A0E2D4C3D5C12A3E /* [CP] Embed Pods Frameworks */,
			);
			buildRules = (
			);
			dependencies = (
			);
			name = DemoTableViuew;
			productName = DemoTableViuew;
			productReference = B7ACBA3126651F9600636DE8 /* DemoTableViuew.app */;
			productType = "com.apple.product-type.application";
		};
		B7ACBA4626651F9700636DE8 /* DemoTableViuewTests */ = {
			isa = PBXNativeTarget;
			buildConfigurationList = B7ACBA5E26651F9700636DE8 /* Build configuration list for PBXNativeTarget "DemoTableViuewTests" */;
			buildPhases = (
				0D0BD0CC90DFA449CF7DD30E /* [CP] Check Pods Manifest.lock */,
				B7ACBA4326651F9700636DE8 /* Sources */,
				B7ACBA4426651F9700636DE8 /* Frameworks */,
				B7ACBA4526651F9700636DE8 /* Resources */,
			);
			buildRules = (
			);
			dependencies = (
				B7ACBA4926651F9700636DE8 /* PBXTargetDependency */,
			);
			name = DemoTableViuewTests;
			productName = DemoTableViuewTests;
			productReference = B7ACBA4726651F9700636DE8 /* DemoTableViuewTests.xctest */;
			productType = "com.apple.product-type.bundle.unit-test";
		};
		B7ACBA5126651F9700636DE8 /* DemoTableViuewUITests */ = {
			isa = PBXNativeTarget;
			buildConfigurationList = B7ACBA6126651F9700636DE8 /* Build configuration list for PBXNativeTarget "DemoTableViuewUITests" */;
			buildPhases = (
				1706587E3723E8D9514F4F1C /* [CP] Check Pods Manifest.lock */,
				B7ACBA4E26651F9700636DE8 /* Sources */,
				B7ACBA4F26651F9700636DE8 /* Frameworks */,
				B7ACBA5026651F9700636DE8 /* Resources */,
				9E45862056FA79542511AF4E /* [CP] Embed Pods Frameworks */,
			);
			buildRules = (
			);
			dependencies = (
				B7ACBA5426651F9700636DE8 /* PBXTargetDependency */,
			);
			name = DemoTableViuewUITests;
			productName = DemoTableViuewUITests;
			productReference = B7ACBA5226651F9700636DE8 /* DemoTableViuewUITests.xctest */;
			productType = "com.apple.product-type.bundle.ui-testing";
		};
/* End PBXNativeTarget section */

/* Begin PBXProject section */
		B7ACBA2926651F9600636DE8 /* Project object */ = {
			isa = PBXProject;
			attributes = {
				LastSwiftUpdateCheck = 1240;
				LastUpgradeCheck = 1240;
				TargetAttributes = {
					B7ACBA3026651F9600636DE8 = {
						CreatedOnToolsVersion = 12.4;
					};
					B7ACBA4626651F9700636DE8 = {
						CreatedOnToolsVersion = 12.4;
						TestTargetID = B7ACBA3026651F9600636DE8;
					};
					B7ACBA5126651F9700636DE8 = {
						CreatedOnToolsVersion = 12.4;
						TestTargetID = B7ACBA3026651F9600636DE8;
					};
				};
			};
			buildConfigurationList = B7ACBA2C26651F9600636DE8 /* Build configuration list for PBXProject "DemoTableViuew" */;
			compatibilityVersion = "Xcode 9.3";
			developmentRegion = en;
			hasScannedForEncodings = 0;
			knownRegions = (
				en,
				Base,
			);
			mainGroup = B7ACBA2826651F9600636DE8;
			productRefGroup = B7ACBA3226651F9600636DE8 /* Products */;
			projectDirPath = "";
			projectRoot = "";
			targets = (
				B7ACBA3026651F9600636DE8 /* DemoTableViuew */,
				B7ACBA4626651F9700636DE8 /* DemoTableViuewTests */,
				B7ACBA5126651F9700636DE8 /* DemoTableViuewUITests */,
			);
		};
/* End PBXProject section */

/* Begin PBXResourcesBuildPhase section */
		B7ACBA2F26651F9600636DE8 /* Resources */ = {
			isa = PBXResourcesBuildPhase;
			buildActionMask = 2147483647;
			files = (
				B7D6EA85267742FB003FD329 /* DemoTableViewCell.xib in Resources */,
				B7D6EA84267742FB003FD329 /* CellView.xib in Resources */,
				B7ACBA4126651F9700636DE8 /* LaunchScreen.storyboard in Resources */,
				B7ACBA3E26651F9700636DE8 /* Assets.xcassets in Resources */,
				B7BB13F8267397C500C0249A /* Home.storyboard in Resources */,
				B7ACBA3C26651F9600636DE8 /* Main.storyboard in Resources */,
			);
			runOnlyForDeploymentPostprocessing = 0;
		};
		B7ACBA4526651F9700636DE8 /* Resources */ = {
			isa = PBXResourcesBuildPhase;
			buildActionMask = 2147483647;
			files = (
			);
			runOnlyForDeploymentPostprocessing = 0;
		};
		B7ACBA5026651F9700636DE8 /* Resources */ = {
			isa = PBXResourcesBuildPhase;
			buildActionMask = 2147483647;
			files = (
			);
			runOnlyForDeploymentPostprocessing = 0;
		};
/* End PBXResourcesBuildPhase section */

/* Begin PBXShellScriptBuildPhase section */
		0D0BD0CC90DFA449CF7DD30E /* [CP] Check Pods Manifest.lock */ = {
			isa = PBXShellScriptBuildPhase;
			buildActionMask = 2147483647;
			files = (
			);
			inputFileListPaths = (
			);
			inputPaths = (
				"${PODS_PODFILE_DIR_PATH}/Podfile.lock",
				"${PODS_ROOT}/Manifest.lock",
			);
			name = "[CP] Check Pods Manifest.lock";
			outputFileListPaths = (
			);
			outputPaths = (
				"$(DERIVED_FILE_DIR)/Pods-DemoTableViuewTests-checkManifestLockResult.txt",
			);
			runOnlyForDeploymentPostprocessing = 0;
			shellPath = /bin/sh;
			shellScript = "diff \"${PODS_PODFILE_DIR_PATH}/Podfile.lock\" \"${PODS_ROOT}/Manifest.lock\" > /dev/null\nif [ $? != 0 ] ; then\n    # print error to STDERR\n    echo \"error: The sandbox is not in sync with the Podfile.lock. Run 'pod install' or update your CocoaPods installation.\" >&2\n    exit 1\nfi\n# This output is used by Xcode 'outputs' to avoid re-running this script phase.\necho \"SUCCESS\" > \"${SCRIPT_OUTPUT_FILE_0}\"\n";
			showEnvVarsInLog = 0;
		};
		1706587E3723E8D9514F4F1C /* [CP] Check Pods Manifest.lock */ = {
			isa = PBXShellScriptBuildPhase;
			buildActionMask = 2147483647;
			files = (
			);
			inputFileListPaths = (
			);
			inputPaths = (
				"${PODS_PODFILE_DIR_PATH}/Podfile.lock",
				"${PODS_ROOT}/Manifest.lock",
			);
			name = "[CP] Check Pods Manifest.lock";
			outputFileListPaths = (
			);
			outputPaths = (
				"$(DERIVED_FILE_DIR)/Pods-DemoTableViuew-DemoTableViuewUITests-checkManifestLockResult.txt",
			);
			runOnlyForDeploymentPostprocessing = 0;
			shellPath = /bin/sh;
			shellScript = "diff \"${PODS_PODFILE_DIR_PATH}/Podfile.lock\" \"${PODS_ROOT}/Manifest.lock\" > /dev/null\nif [ $? != 0 ] ; then\n    # print error to STDERR\n    echo \"error: The sandbox is not in sync with the Podfile.lock. Run 'pod install' or update your CocoaPods installation.\" >&2\n    exit 1\nfi\n# This output is used by Xcode 'outputs' to avoid re-running this script phase.\necho \"SUCCESS\" > \"${SCRIPT_OUTPUT_FILE_0}\"\n";
			showEnvVarsInLog = 0;
		};
		50BBD18C10AADBE7FA3A13DD /* [CP] Check Pods Manifest.lock */ = {
			isa = PBXShellScriptBuildPhase;
			buildActionMask = 2147483647;
			files = (
			);
			inputFileListPaths = (
			);
			inputPaths = (
				"${PODS_PODFILE_DIR_PATH}/Podfile.lock",
				"${PODS_ROOT}/Manifest.lock",
			);
			name = "[CP] Check Pods Manifest.lock";
			outputFileListPaths = (
			);
			outputPaths = (
				"$(DERIVED_FILE_DIR)/Pods-DemoTableViuew-checkManifestLockResult.txt",
			);
			runOnlyForDeploymentPostprocessing = 0;
			shellPath = /bin/sh;
			shellScript = "diff \"${PODS_PODFILE_DIR_PATH}/Podfile.lock\" \"${PODS_ROOT}/Manifest.lock\" > /dev/null\nif [ $? != 0 ] ; then\n    # print error to STDERR\n    echo \"error: The sandbox is not in sync with the Podfile.lock. Run 'pod install' or update your CocoaPods installation.\" >&2\n    exit 1\nfi\n# This output is used by Xcode 'outputs' to avoid re-running this script phase.\necho \"SUCCESS\" > \"${SCRIPT_OUTPUT_FILE_0}\"\n";
			showEnvVarsInLog = 0;
		};
		9E45862056FA79542511AF4E /* [CP] Embed Pods Frameworks */ = {
			isa = PBXShellScriptBuildPhase;
			buildActionMask = 2147483647;
			files = (
			);
			inputFileListPaths = (
				"${PODS_ROOT}/Target Support Files/Pods-DemoTableViuew-DemoTableViuewUITests/Pods-DemoTableViuew-DemoTableViuewUITests-frameworks-${CONFIGURATION}-input-files.xcfilelist",
			);
			name = "[CP] Embed Pods Frameworks";
			outputFileListPaths = (
				"${PODS_ROOT}/Target Support Files/Pods-DemoTableViuew-DemoTableViuewUITests/Pods-DemoTableViuew-DemoTableViuewUITests-frameworks-${CONFIGURATION}-output-files.xcfilelist",
			);
			runOnlyForDeploymentPostprocessing = 0;
			shellPath = /bin/sh;
			shellScript = "\"${PODS_ROOT}/Target Support Files/Pods-DemoTableViuew-DemoTableViuewUITests/Pods-DemoTableViuew-DemoTableViuewUITests-frameworks.sh\"\n";
			showEnvVarsInLog = 0;
		};
		AE5FEB70A0E2D4C3D5C12A3E /* [CP] Embed Pods Frameworks */ = {
			isa = PBXShellScriptBuildPhase;
			buildActionMask = 2147483647;
			files = (
			);
			inputFileListPaths = (
				"${PODS_ROOT}/Target Support Files/Pods-DemoTableViuew/Pods-DemoTableViuew-frameworks-${CONFIGURATION}-input-files.xcfilelist",
			);
			name = "[CP] Embed Pods Frameworks";
			outputFileListPaths = (
				"${PODS_ROOT}/Target Support Files/Pods-DemoTableViuew/Pods-DemoTableViuew-frameworks-${CONFIGURATION}-output-files.xcfilelist",
			);
			runOnlyForDeploymentPostprocessing = 0;
			shellPath = /bin/sh;
			shellScript = "\"${PODS_ROOT}/Target Support Files/Pods-DemoTableViuew/Pods-DemoTableViuew-frameworks.sh\"\n";
			showEnvVarsInLog = 0;
		};
/* End PBXShellScriptBuildPhase section */

/* Begin PBXSourcesBuildPhase section */
		B7ACBA2D26651F9600636DE8 /* Sources */ = {
			isa = PBXSourcesBuildPhase;
			buildActionMask = 2147483647;
			files = (
				B7D6EA87267742FB003FD329 /* CellView.swift in Sources */,
				B7D6EA9B26774316003FD329 /* GalleryViewController.swift in Sources */,
				B7D6EA9A26774316003FD329 /* GalleryCollectionViewCell.swift in Sources */,
				B7D6EA86267742FB003FD329 /* StoryboardTableViewController.swift in Sources */,
				B7D6EA83267742FB003FD329 /* DemoTableViewCell.swift in Sources */,
				B7D6EA6D267742DF003FD329 /* StoryboardTableViewCell.swift in Sources */,
				B70F14A82677925E00499257 /* PersonModel.swift in Sources */,
				B7D6EA74267742E8003FD329 /* ScrollViewViewController.swift in Sources */,
				B70F14AE267792D700499257 /* DemoModelViewController.swift in Sources */,
				B754A19E2680C35A005C978E /* BaseRequestAPI.swift in Sources */,
				B7026D1426735ED900312F47 /* UIVewCoord.swift in Sources */,
				B7D6EA8F26774304003FD329 /* PushViewController.swift in Sources */,
				B7D6EA942677430E003FD329 /* DemoUIViewController.swift in Sources */,
				B7D6EA8E26774304003FD329 /* SecondViewController.swift in Sources */,
				B7D6EA79267742F2003FD329 /* TopViewController.swift in Sources */,
				B7D6EA88267742FB003FD329 /* HandCodeTableViewViewController.swift in Sources */,
				B7D6EA73267742E8003FD329 /* HandCodeScrollViewController.swift in Sources */,
				B7ACBA3526651F9600636DE8 /* AppDelegate.swift in Sources */,
				B7ACBA3726651F9600636DE8 /* SceneDelegate.swift in Sources */,
				B70B434A267A337F00604A32 /* UserModel.swift in Sources */,
				B7D6EAA426774357003FD329 /* DashboardViewController.swift in Sources */,
				B754A1A02680C89D005C978E /* ApiViewModel.swift in Sources */,
			);
			runOnlyForDeploymentPostprocessing = 0;
		};
		B7ACBA4326651F9700636DE8 /* Sources */ = {
			isa = PBXSourcesBuildPhase;
			buildActionMask = 2147483647;
			files = (
				B7ACBA4C26651F9700636DE8 /* DemoTableViuewTests.swift in Sources */,
			);
			runOnlyForDeploymentPostprocessing = 0;
		};
		B7ACBA4E26651F9700636DE8 /* Sources */ = {
			isa = PBXSourcesBuildPhase;
			buildActionMask = 2147483647;
			files = (
				B7ACBA5726651F9700636DE8 /* DemoTableViuewUITests.swift in Sources */,
			);
			runOnlyForDeploymentPostprocessing = 0;
		};
/* End PBXSourcesBuildPhase section */

/* Begin PBXTargetDependency section */
		B7ACBA4926651F9700636DE8 /* PBXTargetDependency */ = {
			isa = PBXTargetDependency;
			target = B7ACBA3026651F9600636DE8 /* DemoTableViuew */;
			targetProxy = B7ACBA4826651F9700636DE8 /* PBXContainerItemProxy */;
		};
		B7ACBA5426651F9700636DE8 /* PBXTargetDependency */ = {
			isa = PBXTargetDependency;
			target = B7ACBA3026651F9600636DE8 /* DemoTableViuew */;
			targetProxy = B7ACBA5326651F9700636DE8 /* PBXContainerItemProxy */;
		};
/* End PBXTargetDependency section */

/* Begin PBXVariantGroup section */
		B7ACBA3A26651F9600636DE8 /* Main.storyboard */ = {
			isa = PBXVariantGroup;
			children = (
				B7ACBA3B26651F9600636DE8 /* Base */,
			);
			name = Main.storyboard;
			sourceTree = "<group>";
		};
		B7ACBA3F26651F9700636DE8 /* LaunchScreen.storyboard */ = {
			isa = PBXVariantGroup;
			children = (
				B7ACBA4026651F9700636DE8 /* Base */,
			);
			name = LaunchScreen.storyboard;
			sourceTree = "<group>";
		};
/* End PBXVariantGroup section */

/* Begin XCBuildConfiguration section */
		B7ACBA5926651F9700636DE8 /* Debug */ = {
			isa = XCBuildConfiguration;
			buildSettings = {
				ALWAYS_SEARCH_USER_PATHS = NO;
				CLANG_ANALYZER_NONNULL = YES;
				CLANG_ANALYZER_NUMBER_OBJECT_CONVERSION = YES_AGGRESSIVE;
				CLANG_CXX_LANGUAGE_STANDARD = "gnu++14";
				CLANG_CXX_LIBRARY = "libc++";
				CLANG_ENABLE_MODULES = YES;
				CLANG_ENABLE_OBJC_ARC = YES;
				CLANG_ENABLE_OBJC_WEAK = YES;
				CLANG_WARN_BLOCK_CAPTURE_AUTORELEASING = YES;
				CLANG_WARN_BOOL_CONVERSION = YES;
				CLANG_WARN_COMMA = YES;
				CLANG_WARN_CONSTANT_CONVERSION = YES;
				CLANG_WARN_DEPRECATED_OBJC_IMPLEMENTATIONS = YES;
				CLANG_WARN_DIRECT_OBJC_ISA_USAGE = YES_ERROR;
				CLANG_WARN_DOCUMENTATION_COMMENTS = YES;
				CLANG_WARN_EMPTY_BODY = YES;
				CLANG_WARN_ENUM_CONVERSION = YES;
				CLANG_WARN_INFINITE_RECURSION = YES;
				CLANG_WARN_INT_CONVERSION = YES;
				CLANG_WARN_NON_LITERAL_NULL_CONVERSION = YES;
				CLANG_WARN_OBJC_IMPLICIT_RETAIN_SELF = YES;
				CLANG_WARN_OBJC_LITERAL_CONVERSION = YES;
				CLANG_WARN_OBJC_ROOT_CLASS = YES_ERROR;
				CLANG_WARN_QUOTED_INCLUDE_IN_FRAMEWORK_HEADER = YES;
				CLANG_WARN_RANGE_LOOP_ANALYSIS = YES;
				CLANG_WARN_STRICT_PROTOTYPES = YES;
				CLANG_WARN_SUSPICIOUS_MOVE = YES;
				CLANG_WARN_UNGUARDED_AVAILABILITY = YES_AGGRESSIVE;
				CLANG_WARN_UNREACHABLE_CODE = YES;
				CLANG_WARN__DUPLICATE_METHOD_MATCH = YES;
				COPY_PHASE_STRIP = NO;
				DEBUG_INFORMATION_FORMAT = dwarf;
				ENABLE_STRICT_OBJC_MSGSEND = YES;
				ENABLE_TESTABILITY = YES;
				GCC_C_LANGUAGE_STANDARD = gnu11;
				GCC_DYNAMIC_NO_PIC = NO;
				GCC_NO_COMMON_BLOCKS = YES;
				GCC_OPTIMIZATION_LEVEL = 0;
				GCC_PREPROCESSOR_DEFINITIONS = (
					"DEBUG=1",
					"$(inherited)",
				);
				GCC_WARN_64_TO_32_BIT_CONVERSION = YES;
				GCC_WARN_ABOUT_RETURN_TYPE = YES_ERROR;
				GCC_WARN_UNDECLARED_SELECTOR = YES;
				GCC_WARN_UNINITIALIZED_AUTOS = YES_AGGRESSIVE;
				GCC_WARN_UNUSED_FUNCTION = YES;
				GCC_WARN_UNUSED_VARIABLE = YES;
				IPHONEOS_DEPLOYMENT_TARGET = 14.4;
				MTL_ENABLE_DEBUG_INFO = INCLUDE_SOURCE;
				MTL_FAST_MATH = YES;
				ONLY_ACTIVE_ARCH = YES;
				SDKROOT = iphoneos;
				SWIFT_ACTIVE_COMPILATION_CONDITIONS = DEBUG;
				SWIFT_OPTIMIZATION_LEVEL = "-Onone";
			};
			name = Debug;
		};
		B7ACBA5A26651F9700636DE8 /* Release */ = {
			isa = XCBuildConfiguration;
			buildSettings = {
				ALWAYS_SEARCH_USER_PATHS = NO;
				CLANG_ANALYZER_NONNULL = YES;
				CLANG_ANALYZER_NUMBER_OBJECT_CONVERSION = YES_AGGRESSIVE;
				CLANG_CXX_LANGUAGE_STANDARD = "gnu++14";
				CLANG_CXX_LIBRARY = "libc++";
				CLANG_ENABLE_MODULES = YES;
				CLANG_ENABLE_OBJC_ARC = YES;
				CLANG_ENABLE_OBJC_WEAK = YES;
				CLANG_WARN_BLOCK_CAPTURE_AUTORELEASING = YES;
				CLANG_WARN_BOOL_CONVERSION = YES;
				CLANG_WARN_COMMA = YES;
				CLANG_WARN_CONSTANT_CONVERSION = YES;
				CLANG_WARN_DEPRECATED_OBJC_IMPLEMENTATIONS = YES;
				CLANG_WARN_DIRECT_OBJC_ISA_USAGE = YES_ERROR;
				CLANG_WARN_DOCUMENTATION_COMMENTS = YES;
				CLANG_WARN_EMPTY_BODY = YES;
				CLANG_WARN_ENUM_CONVERSION = YES;
				CLANG_WARN_INFINITE_RECURSION = YES;
				CLANG_WARN_INT_CONVERSION = YES;
				CLANG_WARN_NON_LITERAL_NULL_CONVERSION = YES;
				CLANG_WARN_OBJC_IMPLICIT_RETAIN_SELF = YES;
				CLANG_WARN_OBJC_LITERAL_CONVERSION = YES;
				CLANG_WARN_OBJC_ROOT_CLASS = YES_ERROR;
				CLANG_WARN_QUOTED_INCLUDE_IN_FRAMEWORK_HEADER = YES;
				CLANG_WARN_RANGE_LOOP_ANALYSIS = YES;
				CLANG_WARN_STRICT_PROTOTYPES = YES;
				CLANG_WARN_SUSPICIOUS_MOVE = YES;
				CLANG_WARN_UNGUARDED_AVAILABILITY = YES_AGGRESSIVE;
				CLANG_WARN_UNREACHABLE_CODE = YES;
				CLANG_WARN__DUPLICATE_METHOD_MATCH = YES;
				COPY_PHASE_STRIP = NO;
				DEBUG_INFORMATION_FORMAT = "dwarf-with-dsym";
				ENABLE_NS_ASSERTIONS = NO;
				ENABLE_STRICT_OBJC_MSGSEND = YES;
				GCC_C_LANGUAGE_STANDARD = gnu11;
				GCC_NO_COMMON_BLOCKS = YES;
				GCC_WARN_64_TO_32_BIT_CONVERSION = YES;
				GCC_WARN_ABOUT_RETURN_TYPE = YES_ERROR;
				GCC_WARN_UNDECLARED_SELECTOR = YES;
				GCC_WARN_UNINITIALIZED_AUTOS = YES_AGGRESSIVE;
				GCC_WARN_UNUSED_FUNCTION = YES;
				GCC_WARN_UNUSED_VARIABLE = YES;
				IPHONEOS_DEPLOYMENT_TARGET = 14.4;
				MTL_ENABLE_DEBUG_INFO = NO;
				MTL_FAST_MATH = YES;
				SDKROOT = iphoneos;
				SWIFT_COMPILATION_MODE = wholemodule;
				SWIFT_OPTIMIZATION_LEVEL = "-O";
				VALIDATE_PRODUCT = YES;
			};
			name = Release;
		};
		B7ACBA5C26651F9700636DE8 /* Debug */ = {
			isa = XCBuildConfiguration;
			baseConfigurationReference = 7A4EEAFB839801DB237FE504 /* Pods-DemoTableViuew.debug.xcconfig */;
			buildSettings = {
				ASSETCATALOG_COMPILER_APPICON_NAME = AppIcon;
				ASSETCATALOG_COMPILER_GLOBAL_ACCENT_COLOR_NAME = AccentColor;
				CODE_SIGN_STYLE = Automatic;
				DEVELOPMENT_TEAM = KG7QPFA6TR;
				INFOPLIST_FILE = DemoTableViuew/Info.plist;
				IPHONEOS_DEPLOYMENT_TARGET = 14.1;
				LD_RUNPATH_SEARCH_PATHS = (
					"$(inherited)",
					"@executable_path/Frameworks",
				);
				PRODUCT_BUNDLE_IDENTIFIER = com.hoangnt.demovideo.DemoTableViuew;
				PRODUCT_NAME = "$(TARGET_NAME)";
				SWIFT_VERSION = 5.0;
				TARGETED_DEVICE_FAMILY = "1,2";
			};
			name = Debug;
		};
		B7ACBA5D26651F9700636DE8 /* Release */ = {
			isa = XCBuildConfiguration;
			baseConfigurationReference = E4D9B98CE60D33A03C2FE5E6 /* Pods-DemoTableViuew.release.xcconfig */;
			buildSettings = {
				ASSETCATALOG_COMPILER_APPICON_NAME = AppIcon;
				ASSETCATALOG_COMPILER_GLOBAL_ACCENT_COLOR_NAME = AccentColor;
				CODE_SIGN_STYLE = Automatic;
				DEVELOPMENT_TEAM = KG7QPFA6TR;
				INFOPLIST_FILE = DemoTableViuew/Info.plist;
				IPHONEOS_DEPLOYMENT_TARGET = 14.1;
				LD_RUNPATH_SEARCH_PATHS = (
					"$(inherited)",
					"@executable_path/Frameworks",
				);
				PRODUCT_BUNDLE_IDENTIFIER = com.hoangnt.demovideo.DemoTableViuew;
				PRODUCT_NAME = "$(TARGET_NAME)";
				SWIFT_VERSION = 5.0;
				TARGETED_DEVICE_FAMILY = "1,2";
			};
			name = Release;
		};
		B7ACBA5F26651F9700636DE8 /* Debug */ = {
			isa = XCBuildConfiguration;
			baseConfigurationReference = FF9C426CF8737B8D6A4CD12B /* Pods-DemoTableViuewTests.debug.xcconfig */;
			buildSettings = {
				ALWAYS_EMBED_SWIFT_STANDARD_LIBRARIES = YES;
				BUNDLE_LOADER = "$(TEST_HOST)";
				CODE_SIGN_STYLE = Automatic;
				DEVELOPMENT_TEAM = KG7QPFA6TR;
				INFOPLIST_FILE = DemoTableViuewTests/Info.plist;
				IPHONEOS_DEPLOYMENT_TARGET = 14.4;
				LD_RUNPATH_SEARCH_PATHS = (
					"$(inherited)",
					"@executable_path/Frameworks",
					"@loader_path/Frameworks",
				);
				PRODUCT_BUNDLE_IDENTIFIER = com.hoangnt.demovideo.DemoTableViuewTests;
				PRODUCT_NAME = "$(TARGET_NAME)";
				SWIFT_VERSION = 5.0;
				TARGETED_DEVICE_FAMILY = "1,2";
				TEST_HOST = "$(BUILT_PRODUCTS_DIR)/DemoTableViuew.app/DemoTableViuew";
			};
			name = Debug;
		};
		B7ACBA6026651F9700636DE8 /* Release */ = {
			isa = XCBuildConfiguration;
			baseConfigurationReference = 21D89AB6A9387BEA3F0B72EF /* Pods-DemoTableViuewTests.release.xcconfig */;
			buildSettings = {
				ALWAYS_EMBED_SWIFT_STANDARD_LIBRARIES = YES;
				BUNDLE_LOADER = "$(TEST_HOST)";
				CODE_SIGN_STYLE = Automatic;
				DEVELOPMENT_TEAM = KG7QPFA6TR;
				INFOPLIST_FILE = DemoTableViuewTests/Info.plist;
				IPHONEOS_DEPLOYMENT_TARGET = 14.4;
				LD_RUNPATH_SEARCH_PATHS = (
					"$(inherited)",
					"@executable_path/Frameworks",
					"@loader_path/Frameworks",
				);
				PRODUCT_BUNDLE_IDENTIFIER = com.hoangnt.demovideo.DemoTableViuewTests;
				PRODUCT_NAME = "$(TARGET_NAME)";
				SWIFT_VERSION = 5.0;
				TARGETED_DEVICE_FAMILY = "1,2";
				TEST_HOST = "$(BUILT_PRODUCTS_DIR)/DemoTableViuew.app/DemoTableViuew";
			};
			name = Release;
		};
		B7ACBA6226651F9700636DE8 /* Debug */ = {
			isa = XCBuildConfiguration;
			baseConfigurationReference = 2F6703F45B5C69A9ECBE2249 /* Pods-DemoTableViuew-DemoTableViuewUITests.debug.xcconfig */;
			buildSettings = {
				ALWAYS_EMBED_SWIFT_STANDARD_LIBRARIES = YES;
				CODE_SIGN_STYLE = Automatic;
				DEVELOPMENT_TEAM = KG7QPFA6TR;
				INFOPLIST_FILE = DemoTableViuewUITests/Info.plist;
				LD_RUNPATH_SEARCH_PATHS = (
					"$(inherited)",
					"@executable_path/Frameworks",
					"@loader_path/Frameworks",
				);
				PRODUCT_BUNDLE_IDENTIFIER = com.hoangnt.demovideo.DemoTableViuewUITests;
				PRODUCT_NAME = "$(TARGET_NAME)";
				SWIFT_VERSION = 5.0;
				TARGETED_DEVICE_FAMILY = "1,2";
				TEST_TARGET_NAME = DemoTableViuew;
			};
			name = Debug;
		};
		B7ACBA6326651F9700636DE8 /* Release */ = {
			isa = XCBuildConfiguration;
			baseConfigurationReference = 91F9A9B6F29A0E5561E47BAD /* Pods-DemoTableViuew-DemoTableViuewUITests.release.xcconfig */;
			buildSettings = {
				ALWAYS_EMBED_SWIFT_STANDARD_LIBRARIES = YES;
				CODE_SIGN_STYLE = Automatic;
				DEVELOPMENT_TEAM = KG7QPFA6TR;
				INFOPLIST_FILE = DemoTableViuewUITests/Info.plist;
				LD_RUNPATH_SEARCH_PATHS = (
					"$(inherited)",
					"@executable_path/Frameworks",
					"@loader_path/Frameworks",
				);
				PRODUCT_BUNDLE_IDENTIFIER = com.hoangnt.demovideo.DemoTableViuewUITests;
				PRODUCT_NAME = "$(TARGET_NAME)";
				SWIFT_VERSION = 5.0;
				TARGETED_DEVICE_FAMILY = "1,2";
				TEST_TARGET_NAME = DemoTableViuew;
			};
			name = Release;
		};
/* End XCBuildConfiguration section */

/* Begin XCConfigurationList section */
		B7ACBA2C26651F9600636DE8 /* Build configuration list for PBXProject "DemoTableViuew" */ = {
			isa = XCConfigurationList;
			buildConfigurations = (
				B7ACBA5926651F9700636DE8 /* Debug */,
				B7ACBA5A26651F9700636DE8 /* Release */,
			);
			defaultConfigurationIsVisible = 0;
			defaultConfigurationName = Release;
		};
		B7ACBA5B26651F9700636DE8 /* Build configuration list for PBXNativeTarget "DemoTableViuew" */ = {
			isa = XCConfigurationList;
			buildConfigurations = (
				B7ACBA5C26651F9700636DE8 /* Debug */,
				B7ACBA5D26651F9700636DE8 /* Release */,
			);
			defaultConfigurationIsVisible = 0;
			defaultConfigurationName = Release;
		};
		B7ACBA5E26651F9700636DE8 /* Build configuration list for PBXNativeTarget "DemoTableViuewTests" */ = {
			isa = XCConfigurationList;
			buildConfigurations = (
				B7ACBA5F26651F9700636DE8 /* Debug */,
				B7ACBA6026651F9700636DE8 /* Release */,
			);
			defaultConfigurationIsVisible = 0;
			defaultConfigurationName = Release;
		};
		B7ACBA6126651F9700636DE8 /* Build configuration list for PBXNativeTarget "DemoTableViuewUITests" */ = {
			isa = XCConfigurationList;
			buildConfigurations = (
				B7ACBA6226651F9700636DE8 /* Debug */,
				B7ACBA6326651F9700636DE8 /* Release */,
			);
			defaultConfigurationIsVisible = 0;
			defaultConfigurationName = Release;
		};
/* End XCConfigurationList section */
	};
	rootObject = B7ACBA2926651F9600636DE8 /* Project object */;
}
